
Microsoft Visual Studio Solution File, Format Version 12.00
# Visual Studio Version 16
VisualStudioVersion = 16.0.31105.61
MinimumVisualStudioVersion = 10.0.40219.1
Project("{FAE04EC0-301F-11D3-BF4B-00C04F79EFBC}") = "Seminar 2 226 SGBD", "Seminar 2 226 SGBD\Seminar 2 226 SGBD.csproj", "{D267AFA0-EC1C-4CD1-87D0-562B611A1EEB}"
EndProject
Global
	GlobalSection(SolutionConfigurationPlatforms) = preSolution
		Debug|Any CPU = Debug|Any CPU
		Release|Any CPU = Release|Any CPU
	EndGlobalSection
	GlobalSection(ProjectConfigurationPlatforms) = postSolution
		{D267AFA0-EC1C-4CD1-87D0-562B611A1EEB}.Debug|Any CPU.ActiveCfg = Debug|Any CPU
		{D267AFA0-EC1C-4CD1-87D0-562B611A1EEB}.Debug|Any CPU.Build.0 = Debug|Any CPU
		{D267AFA0-EC1C-4CD1-87D0-562B611A1EEB}.Release|Any CPU.ActiveCfg = Release|Any CPU
		{D267AFA0-EC1C-4CD1-87D0-562B611A1EEB}.Release|Any CPU.Build.0 = Release|Any CPU
	EndGlobalSection
	GlobalSection(SolutionProperties) = preSolution
		HideSolutionNode = FALSE
	EndGlobalSection
	GlobalSection(ExtensibilityGlobals) = postSolution
		SolutionGuid = {CBF8E8B2-ECD4-4746-89B7-DF855012C3CC}
	EndGlobalSection
EndGlobal
