
Microsoft Visual Studio Solution File, Format Version 12.00
# Visual Studio Version 17
VisualStudioVersion = 17.1.32407.343
MinimumVisualStudioVersion = 10.0.40219.1
Project("{FAE04EC0-301F-11D3-BF4B-00C04F79EFBC}") = "Seminar6Exam", "Seminar6Exam\Seminar6Exam.csproj", "{F37BAD57-8B7E-4C5A-8504-EE7492CDA704}"
EndProject
Global
	GlobalSection(SolutionConfigurationPlatforms) = preSolution
		Debug|Any CPU = Debug|Any CPU
		Release|Any CPU = Release|Any CPU
	EndGlobalSection
	GlobalSection(ProjectConfigurationPlatforms) = postSolution
		{F37BAD57-8B7E-4C5A-8504-EE7492CDA704}.Debug|Any CPU.ActiveCfg = Debug|Any CPU
		{F37BAD57-8B7E-4C5A-8504-EE7492CDA704}.Debug|Any CPU.Build.0 = Debug|Any CPU
		{F37BAD57-8B7E-4C5A-8504-EE7492CDA704}.Release|Any CPU.ActiveCfg = Release|Any CPU
		{F37BAD57-8B7E-4C5A-8504-EE7492CDA704}.Release|Any CPU.Build.0 = Release|Any CPU
	EndGlobalSection
	GlobalSection(SolutionProperties) = preSolution
		HideSolutionNode = FALSE
	EndGlobalSection
	GlobalSection(ExtensibilityGlobals) = postSolution
		SolutionGuid = {9FB3E858-F11D-4C3A-8219-E14BCDA02A2A}
	EndGlobalSection
EndGlobal
