
Microsoft Visual Studio Solution File, Format Version 12.00
# Visual Studio Version 16
VisualStudioVersion = 16.0.31105.61
MinimumVisualStudioVersion = 10.0.40219.1
Project("{FAE04EC0-301F-11D3-BF4B-00C04F79EFBC}") = "Seminar1226SGBD", "Seminar1226SGBD\Seminar1226SGBD.csproj", "{E226CE81-BB82-4E55-9A36-CF38111FC621}"
EndProject
Global
	GlobalSection(SolutionConfigurationPlatforms) = preSolution
		Debug|Any CPU = Debug|Any CPU
		Release|Any CPU = Release|Any CPU
	EndGlobalSection
	GlobalSection(ProjectConfigurationPlatforms) = postSolution
		{E226CE81-BB82-4E55-9A36-CF38111FC621}.Debug|Any CPU.ActiveCfg = Debug|Any CPU
		{E226CE81-BB82-4E55-9A36-CF38111FC621}.Debug|Any CPU.Build.0 = Debug|Any CPU
		{E226CE81-BB82-4E55-9A36-CF38111FC621}.Release|Any CPU.ActiveCfg = Release|Any CPU
		{E226CE81-BB82-4E55-9A36-CF38111FC621}.Release|Any CPU.Build.0 = Release|Any CPU
	EndGlobalSection
	GlobalSection(SolutionProperties) = preSolution
		HideSolutionNode = FALSE
	EndGlobalSection
	GlobalSection(ExtensibilityGlobals) = postSolution
		SolutionGuid = {0474E511-8DFF-41C2-93CD-ABB9E5B96D56}
	EndGlobalSection
EndGlobal
