
Microsoft Visual Studio Solution File, Format Version 12.00
# Visual Studio Version 17
VisualStudioVersion = 17.1.32328.378
MinimumVisualStudioVersion = 10.0.40219.1
Project("{FAE04EC0-301F-11D3-BF4B-00C04F79EFBC}") = "test", "test\test.csproj", "{7EB344C9-934D-48F5-A686-1BB669D2197E}"
EndProject
Global
	GlobalSection(SolutionConfigurationPlatforms) = preSolution
		Debug|Any CPU = Debug|Any CPU
		Release|Any CPU = Release|Any CPU
	EndGlobalSection
	GlobalSection(ProjectConfigurationPlatforms) = postSolution
		{7EB344C9-934D-48F5-A686-1BB669D2197E}.Debug|Any CPU.ActiveCfg = Debug|Any CPU
		{7EB344C9-934D-48F5-A686-1BB669D2197E}.Debug|Any CPU.Build.0 = Debug|Any CPU
		{7EB344C9-934D-48F5-A686-1BB669D2197E}.Release|Any CPU.ActiveCfg = Release|Any CPU
		{7EB344C9-934D-48F5-A686-1BB669D2197E}.Release|Any CPU.Build.0 = Release|Any CPU
	EndGlobalSection
	GlobalSection(SolutionProperties) = preSolution
		HideSolutionNode = FALSE
	EndGlobalSection
	GlobalSection(ExtensibilityGlobals) = postSolution
		SolutionGuid = {49002342-BF41-4A96-9615-D74D360093D0}
	EndGlobalSection
EndGlobal
