
Microsoft Visual Studio Solution File, Format Version 12.00
# Visual Studio Version 17
VisualStudioVersion = 17.1.32407.343
MinimumVisualStudioVersion = 10.0.40219.1
Project("{FAE04EC0-301F-11D3-BF4B-00C04F79EFBC}") = "pregatire_sgbd", "pregatire_sgbd\pregatire_sgbd.csproj", "{436CA079-0A7A-46B2-BEEA-F3D3D4153DE1}"
EndProject
Global
	GlobalSection(SolutionConfigurationPlatforms) = preSolution
		Debug|Any CPU = Debug|Any CPU
		Release|Any CPU = Release|Any CPU
	EndGlobalSection
	GlobalSection(ProjectConfigurationPlatforms) = postSolution
		{436CA079-0A7A-46B2-BEEA-F3D3D4153DE1}.Debug|Any CPU.ActiveCfg = Debug|Any CPU
		{436CA079-0A7A-46B2-BEEA-F3D3D4153DE1}.Debug|Any CPU.Build.0 = Debug|Any CPU
		{436CA079-0A7A-46B2-BEEA-F3D3D4153DE1}.Release|Any CPU.ActiveCfg = Release|Any CPU
		{436CA079-0A7A-46B2-BEEA-F3D3D4153DE1}.Release|Any CPU.Build.0 = Release|Any CPU
	EndGlobalSection
	GlobalSection(SolutionProperties) = preSolution
		HideSolutionNode = FALSE
	EndGlobalSection
	GlobalSection(ExtensibilityGlobals) = postSolution
		SolutionGuid = {360C851A-AC54-4868-8BB6-62D7038EB493}
	EndGlobalSection
EndGlobal
